
Microsoft Visual Studio Solution File, Format Version 12.00
# Visual Studio Version 16
VisualStudioVersion = 16.0.31112.23
MinimumVisualStudioVersion = 10.0.40219.1
Project("{FAE04EC0-301F-11D3-BF4B-00C04F79EFBC}") = "Weather_WebApi", "Weather_WebApi\Weather_WebApi.csproj", "{7CAB243D-3D41-4300-9AAB-1D9F027A3A39}"
EndProject
Global
	GlobalSection(SolutionConfigurationPlatforms) = preSolution
		Debug|Any CPU = Debug|Any CPU
		Release|Any CPU = Release|Any CPU
	EndGlobalSection
	GlobalSection(ProjectConfigurationPlatforms) = postSolution
		{7CAB243D-3D41-4300-9AAB-1D9F027A3A39}.Debug|Any CPU.ActiveCfg = Debug|Any CPU
		{7CAB243D-3D41-4300-9AAB-1D9F027A3A39}.Debug|Any CPU.Build.0 = Debug|Any CPU
		{7CAB243D-3D41-4300-9AAB-1D9F027A3A39}.Release|Any CPU.ActiveCfg = Release|Any CPU
		{7CAB243D-3D41-4300-9AAB-1D9F027A3A39}.Release|Any CPU.Build.0 = Release|Any CPU
	EndGlobalSection
	GlobalSection(SolutionProperties) = preSolution
		HideSolutionNode = FALSE
	EndGlobalSection
	GlobalSection(ExtensibilityGlobals) = postSolution
		SolutionGuid = {0017D648-B1F2-458D-89EF-63172B5E86CC}
	EndGlobalSection
EndGlobal
